
Microsoft Visual Studio Solution File, Format Version 12.00
# Visual Studio Version 17
VisualStudioVersion = 17.11.35312.102
MinimumVisualStudioVersion = 10.0.40219.1
Project("{FAE04EC0-301F-11D3-BF4B-00C04F79EFBC}") = "3.2", "3.2\3.2.csproj", "{B81402A8-0A80-4D4A-9DC8-6F1569189ACF}"
EndProject
Global
	GlobalSection(SolutionConfigurationPlatforms) = preSolution
		Debug|Any CPU = Debug|Any CPU
		Release|Any CPU = Release|Any CPU
	EndGlobalSection
	GlobalSection(ProjectConfigurationPlatforms) = postSolution
		{B81402A8-0A80-4D4A-9DC8-6F1569189ACF}.Debug|Any CPU.ActiveCfg = Debug|Any CPU
		{B81402A8-0A80-4D4A-9DC8-6F1569189ACF}.Debug|Any CPU.Build.0 = Debug|Any CPU
		{B81402A8-0A80-4D4A-9DC8-6F1569189ACF}.Release|Any CPU.ActiveCfg = Release|Any CPU
		{B81402A8-0A80-4D4A-9DC8-6F1569189ACF}.Release|Any CPU.Build.0 = Release|Any CPU
	EndGlobalSection
	GlobalSection(SolutionProperties) = preSolution
		HideSolutionNode = FALSE
	EndGlobalSection
	GlobalSection(ExtensibilityGlobals) = postSolution
		SolutionGuid = {E4EC227A-A5CC-4C49-B0FF-DA1640E72813}
	EndGlobalSection
EndGlobal
